
Microsoft Visual Studio Solution File, Format Version 12.00
# Visual Studio Version 17
VisualStudioVersion = 17.5.33530.505
MinimumVisualStudioVersion = 10.0.40219.1
Project("{FAE04EC0-301F-11D3-BF4B-00C04F79EFBC}") = "GROUP_07_RAP", "GROUP_07_RAP\GROUP_07_RAP.csproj", "{5EA51088-FBB5-42E5-AC30-11162ACCA73C}"
EndProject
Global
	GlobalSection(SolutionConfigurationPlatforms) = preSolution
		Debug|Any CPU = Debug|Any CPU
		Release|Any CPU = Release|Any CPU
	EndGlobalSection
	GlobalSection(ProjectConfigurationPlatforms) = postSolution
		{5EA51088-FBB5-42E5-AC30-11162ACCA73C}.Debug|Any CPU.ActiveCfg = Debug|Any CPU
		{5EA51088-FBB5-42E5-AC30-11162ACCA73C}.Debug|Any CPU.Build.0 = Debug|Any CPU
		{5EA51088-FBB5-42E5-AC30-11162ACCA73C}.Release|Any CPU.ActiveCfg = Release|Any CPU
		{5EA51088-FBB5-42E5-AC30-11162ACCA73C}.Release|Any CPU.Build.0 = Release|Any CPU
	EndGlobalSection
	GlobalSection(SolutionProperties) = preSolution
		HideSolutionNode = FALSE
	EndGlobalSection
	GlobalSection(ExtensibilityGlobals) = postSolution
		SolutionGuid = {E5B567FD-E559-4377-992D-D0A47B0867AA}
	EndGlobalSection
EndGlobal
